
Microsoft Visual Studio Solution File, Format Version 12.00
# Visual Studio 14
VisualStudioVersion = 14.0.25420.1
MinimumVisualStudioVersion = 10.0.40219.1
Project("{2150E333-8FDC-42A3-9474-1A3956D46DE8}") = "1、UI表现层", "1、UI表现层", "{570375E5-0796-4A87-9E92-6DD8706CECF9}"
EndProject
Project("{2150E333-8FDC-42A3-9474-1A3956D46DE8}") = "2、IBLL业务接口层", "2、IBLL业务接口层", "{C9E6C3DC-687A-42DA-8E5A-24F2432DAE43}"
EndProject
Project("{2150E333-8FDC-42A3-9474-1A3956D46DE8}") = "3、BLL业务层", "3、BLL业务层", "{45B72131-31F2-4AB3-B855-8222A71D0D76}"
EndProject
Project("{2150E333-8FDC-42A3-9474-1A3956D46DE8}") = "4、IDAL数据接口层", "4、IDAL数据接口层", "{4480A2A0-3322-4650-9E34-3E630AAEE53F}"
EndProject
Project("{2150E333-8FDC-42A3-9474-1A3956D46DE8}") = "5、DAL数据层", "5、DAL数据层", "{F410EF04-FC52-4B62-A82E-37D0989EBCD4}"
EndProject
Project("{2150E333-8FDC-42A3-9474-1A3956D46DE8}") = "Model", "Model", "{F0DB1760-F558-4CC1-B326-B5CA4A48A09B}"
EndProject
Project("{FAE04EC0-301F-11D3-BF4B-00C04F79EFBC}") = "WeShop.Web", "WeShop.Web\WeShop.Web.csproj", "{F78BF7E8-B54E-4F08-8803-B47D460F7B77}"
EndProject
Project("{FAE04EC0-301F-11D3-BF4B-00C04F79EFBC}") = "WeShop.IService", "WeShop.IService\WeShop.IService.csproj", "{8ED47094-25AD-46A1-B097-7C90EF1CAA22}"
EndProject
Project("{FAE04EC0-301F-11D3-BF4B-00C04F79EFBC}") = "WeShop.Service", "WeShop.Service\WeShop.Service.csproj", "{08061908-4393-4132-BC43-D5B0E51051FD}"
EndProject
Project("{FAE04EC0-301F-11D3-BF4B-00C04F79EFBC}") = "WeShop.IRepository", "WeShop.IRepository\WeShop.IRepository.csproj", "{C6109CC9-74CD-4056-A9B3-F79210518D9B}"
EndProject
Project("{FAE04EC0-301F-11D3-BF4B-00C04F79EFBC}") = "WeShop.Repository", "WeShop.Repository\WeShop.Repository.csproj", "{E94C7040-14C8-478C-BE59-5995B322081C}"
EndProject
Project("{FAE04EC0-301F-11D3-BF4B-00C04F79EFBC}") = "WeShop.EFModel", "WeShop.EFModel\WeShop.EFModel.csproj", "{B59C12DF-F2EE-44E2-AF2A-9A4A613253BB}"
EndProject
Global
	GlobalSection(SolutionConfigurationPlatforms) = preSolution
		Debug|Any CPU = Debug|Any CPU
		Release|Any CPU = Release|Any CPU
	EndGlobalSection
	GlobalSection(ProjectConfigurationPlatforms) = postSolution
		{F78BF7E8-B54E-4F08-8803-B47D460F7B77}.Debug|Any CPU.ActiveCfg = Debug|Any CPU
		{F78BF7E8-B54E-4F08-8803-B47D460F7B77}.Debug|Any CPU.Build.0 = Debug|Any CPU
		{F78BF7E8-B54E-4F08-8803-B47D460F7B77}.Release|Any CPU.ActiveCfg = Release|Any CPU
		{F78BF7E8-B54E-4F08-8803-B47D460F7B77}.Release|Any CPU.Build.0 = Release|Any CPU
		{8ED47094-25AD-46A1-B097-7C90EF1CAA22}.Debug|Any CPU.ActiveCfg = Debug|Any CPU
		{8ED47094-25AD-46A1-B097-7C90EF1CAA22}.Debug|Any CPU.Build.0 = Debug|Any CPU
		{8ED47094-25AD-46A1-B097-7C90EF1CAA22}.Release|Any CPU.ActiveCfg = Release|Any CPU
		{8ED47094-25AD-46A1-B097-7C90EF1CAA22}.Release|Any CPU.Build.0 = Release|Any CPU
		{08061908-4393-4132-BC43-D5B0E51051FD}.Debug|Any CPU.ActiveCfg = Debug|Any CPU
		{08061908-4393-4132-BC43-D5B0E51051FD}.Debug|Any CPU.Build.0 = Debug|Any CPU
		{08061908-4393-4132-BC43-D5B0E51051FD}.Release|Any CPU.ActiveCfg = Release|Any CPU
		{08061908-4393-4132-BC43-D5B0E51051FD}.Release|Any CPU.Build.0 = Release|Any CPU
		{C6109CC9-74CD-4056-A9B3-F79210518D9B}.Debug|Any CPU.ActiveCfg = Debug|Any CPU
		{C6109CC9-74CD-4056-A9B3-F79210518D9B}.Debug|Any CPU.Build.0 = Debug|Any CPU
		{C6109CC9-74CD-4056-A9B3-F79210518D9B}.Release|Any CPU.ActiveCfg = Release|Any CPU
		{C6109CC9-74CD-4056-A9B3-F79210518D9B}.Release|Any CPU.Build.0 = Release|Any CPU
		{E94C7040-14C8-478C-BE59-5995B322081C}.Debug|Any CPU.ActiveCfg = Debug|Any CPU
		{E94C7040-14C8-478C-BE59-5995B322081C}.Debug|Any CPU.Build.0 = Debug|Any CPU
		{E94C7040-14C8-478C-BE59-5995B322081C}.Release|Any CPU.ActiveCfg = Release|Any CPU
		{E94C7040-14C8-478C-BE59-5995B322081C}.Release|Any CPU.Build.0 = Release|Any CPU
		{B59C12DF-F2EE-44E2-AF2A-9A4A613253BB}.Debug|Any CPU.ActiveCfg = Debug|Any CPU
		{B59C12DF-F2EE-44E2-AF2A-9A4A613253BB}.Debug|Any CPU.Build.0 = Debug|Any CPU
		{B59C12DF-F2EE-44E2-AF2A-9A4A613253BB}.Release|Any CPU.ActiveCfg = Release|Any CPU
		{B59C12DF-F2EE-44E2-AF2A-9A4A613253BB}.Release|Any CPU.Build.0 = Release|Any CPU
	EndGlobalSection
	GlobalSection(SolutionProperties) = preSolution
		HideSolutionNode = FALSE
	EndGlobalSection
	GlobalSection(NestedProjects) = preSolution
		{F78BF7E8-B54E-4F08-8803-B47D460F7B77} = {570375E5-0796-4A87-9E92-6DD8706CECF9}
		{8ED47094-25AD-46A1-B097-7C90EF1CAA22} = {C9E6C3DC-687A-42DA-8E5A-24F2432DAE43}
		{08061908-4393-4132-BC43-D5B0E51051FD} = {45B72131-31F2-4AB3-B855-8222A71D0D76}
		{C6109CC9-74CD-4056-A9B3-F79210518D9B} = {4480A2A0-3322-4650-9E34-3E630AAEE53F}
		{E94C7040-14C8-478C-BE59-5995B322081C} = {F410EF04-FC52-4B62-A82E-37D0989EBCD4}
		{B59C12DF-F2EE-44E2-AF2A-9A4A613253BB} = {F0DB1760-F558-4CC1-B326-B5CA4A48A09B}
	EndGlobalSection
EndGlobal
